
Microsoft Visual Studio Solution File, Format Version 12.00
# Visual Studio Version 16
VisualStudioVersion = 16.0.31613.86
MinimumVisualStudioVersion = 10.0.40219.1
Project("{FAE04EC0-301F-11D3-BF4B-00C04F79EFBC}") = "MarvelAlliance", "MarvelAlliance\MarvelAlliance.csproj", "{8E3353BA-7C30-40F3-A82D-E365553861B2}"
EndProject
Global
	GlobalSection(SolutionConfigurationPlatforms) = preSolution
		Debug|Any CPU = Debug|Any CPU
		Release|Any CPU = Release|Any CPU
	EndGlobalSection
	GlobalSection(ProjectConfigurationPlatforms) = postSolution
		{8E3353BA-7C30-40F3-A82D-E365553861B2}.Debug|Any CPU.ActiveCfg = Debug|Any CPU
		{8E3353BA-7C30-40F3-A82D-E365553861B2}.Debug|Any CPU.Build.0 = Debug|Any CPU
		{8E3353BA-7C30-40F3-A82D-E365553861B2}.Release|Any CPU.ActiveCfg = Release|Any CPU
		{8E3353BA-7C30-40F3-A82D-E365553861B2}.Release|Any CPU.Build.0 = Release|Any CPU
	EndGlobalSection
	GlobalSection(SolutionProperties) = preSolution
		HideSolutionNode = FALSE
	EndGlobalSection
	GlobalSection(ExtensibilityGlobals) = postSolution
		SolutionGuid = {8BE661DC-4CFC-4000-9DDA-E682E70989C5}
	EndGlobalSection
EndGlobal
